PATH
  remote: ..
  specs:
    webhook_system (2.3.1)
      activejob (> 4.2, < 7.0)
      activerecord (> 4.2, < 7.0)
      activesupport (> 4.2, < 7.0)
      faraday (> 0.9)
      faraday-encoding (>= 0.0.2, < 1.0)
      ph_model
      validate_url (~> 1.0)

GEM
  remote: https://rubygems.org/
  specs:
    actionmailer (4.2.11.3)
      actionpack (= 4.2.11.3)
      actionview (= 4.2.11.3)
      activejob (= 4.2.11.3)
      mail (~> 2.5, >= 2.5.4)
      rails-dom-testing (~> 1.0, >= 1.0.5)
    actionpack (4.2.11.3)
      actionview (= 4.2.11.3)
      activesupport (= 4.2.11.3)
      rack (~> 1.6)
      rack-test (~> 0.6.2)
      rails-dom-testing (~> 1.0, >= 1.0.5)
      rails-html-sanitizer (~> 1.0, >= 1.0.2)
    actionview (4.2.11.3)
      activesupport (= 4.2.11.3)
      builder (~> 3.1)
      erubis (~> 2.7.0)
      rails-dom-testing (~> 1.0, >= 1.0.5)
      rails-html-sanitizer (~> 1.0, >= 1.0.3)
    active_attr (0.15.4)
      actionpack (>= 3.0.2, < 7.1)
      activemodel (>= 3.0.2, < 7.1)
      activesupport (>= 3.0.2, < 7.1)
    activejob (4.2.11.3)
      activesupport (= 4.2.11.3)
      globalid (>= 0.3.0)
    activemodel (4.2.11.3)
      activesupport (= 4.2.11.3)
      builder (~> 3.1)
    activerecord (4.2.11.3)
      activemodel (= 4.2.11.3)
      activesupport (= 4.2.11.3)
      arel (~> 6.0)
    activesupport (4.2.11.3)
      i18n (~> 0.7)
      minitest (~> 5.1)
      thread_safe (~> 0.3, >= 0.3.4)
      tzinfo (~> 1.1)
    addressable (2.8.0)
      public_suffix (>= 2.0.2, < 5.0)
    arel (6.0.4)
    ast (2.4.2)
    async (1.30.1)
      console (~> 1.10)
      nio4r (~> 2.3)
      timers (~> 4.1)
    async-http (0.56.5)
      async (>= 1.25)
      async-io (>= 1.28)
      async-pool (>= 0.2)
      protocol-http (~> 0.22.0)
      protocol-http1 (~> 0.14.0)
      protocol-http2 (~> 0.14.0)
    async-http-faraday (0.11.0)
      async-http (~> 0.42)
      faraday
    async-io (1.33.0)
      async
    async-pool (0.3.9)
      async (>= 1.25)
    builder (3.2.4)
    concurrent-ruby (1.1.10)
    console (1.15.0)
      fiber-local
    crack (0.4.5)
      rexml
    crass (1.0.6)
    diff-lcs (1.5.0)
    erubis (2.7.0)
    factory_bot (5.2.0)
      activesupport (>= 4.2.0)
    faraday (1.10.0)
      faraday-em_http (~> 1.0)
      faraday-em_synchrony (~> 1.0)
      faraday-excon (~> 1.1)
      faraday-httpclient (~> 1.0)
      faraday-multipart (~> 1.0)
      faraday-net_http (~> 1.0)
      faraday-net_http_persistent (~> 1.0)
      faraday-patron (~> 1.0)
      faraday-rack (~> 1.0)
      faraday-retry (~> 1.0)
      ruby2_keywords (>= 0.0.4)
    faraday-em_http (1.0.0)
    faraday-em_synchrony (1.0.0)
    faraday-encoding (0.0.5)
      faraday
    faraday-excon (1.1.0)
    faraday-http-cache (2.2.0)
      faraday (>= 0.8)
    faraday-httpclient (1.0.1)
    faraday-multipart (1.0.3)
      multipart-post (>= 1.2, < 3)
    faraday-net_http (1.0.1)
    faraday-net_http_persistent (1.2.0)
    faraday-patron (1.0.0)
    faraday-rack (1.0.0)
    faraday-retry (1.0.3)
    fiber-local (1.0.0)
    github_changelog_generator (1.16.4)
      activesupport
      async (>= 1.25.0)
      async-http-faraday
      faraday-http-cache
      multi_json
      octokit (~> 4.6)
      rainbow (>= 2.2.1)
      rake (>= 10.0)
    globalid (0.4.2)
      activesupport (>= 4.2.0)
    hashdiff (1.0.1)
    i18n (0.9.5)
      concurrent-ruby (~> 1.0)
    io-console (0.5.9)
    irb (1.4.1)
      reline (>= 0.3.0)
    loofah (2.16.0)
      crass (~> 1.0.2)
      nokogiri (>= 1.5.9)
    mail (2.7.1)
      mini_mime (>= 0.1.1)
    mini_mime (1.1.2)
    mini_portile2 (2.6.1)
    minitest (5.15.0)
    multi_json (1.15.0)
    multipart-post (2.1.1)
    nio4r (2.5.8)
    nokogiri (1.12.5)
      mini_portile2 (~> 2.6.1)
      racc (~> 1.4)
    octokit (4.22.0)
      faraday (>= 0.9)
      sawyer (~> 0.8.0, >= 0.5.3)
    parallel (1.22.1)
    parser (3.1.2.0)
      ast (~> 2.4.1)
    ph_model (1.1.3)
      active_attr (~> 0.8)
      activemodel (> 3.2)
      activesupport (> 3.2)
    pr_comet (0.5.1)
      octokit
      rainbow
    protocol-hpack (1.4.2)
    protocol-http (0.22.5)
    protocol-http1 (0.14.2)
      protocol-http (~> 0.22)
    protocol-http2 (0.14.2)
      protocol-hpack (~> 1.4)
      protocol-http (~> 0.18)
    public_suffix (4.0.7)
    racc (1.6.0)
    rack (1.6.13)
    rack-test (0.6.3)
      rack (>= 1.0)
    rails (4.2.11.3)
      actionmailer (= 4.2.11.3)
      actionpack (= 4.2.11.3)
      actionview (= 4.2.11.3)
      activejob (= 4.2.11.3)
      activemodel (= 4.2.11.3)
      activerecord (= 4.2.11.3)
      activesupport (= 4.2.11.3)
      bundler (>= 1.3.0, < 2.0)
      railties (= 4.2.11.3)
      sprockets-rails
    rails-deprecated_sanitizer (1.0.4)
      activesupport (>= 4.2.0.alpha)
    rails-dom-testing (1.0.9)
      activesupport (>= 4.2.0, < 5.0)
      nokogiri (~> 1.6)
      rails-deprecated_sanitizer (>= 1.0.1)
    rails-html-sanitizer (1.4.2)
      loofah (~> 2.3)
    railties (4.2.11.3)
      actionpack (= 4.2.11.3)
      activesupport (= 4.2.11.3)
      rake (>= 0.8.7)
      thor (>= 0.18.1, < 2.0)
    rainbow (3.1.1)
    rake (13.0.6)
    regexp_parser (2.3.1)
    reline (0.3.1)
      io-console (~> 0.5)
    rexml (3.2.5)
    rspec (3.11.0)
      rspec-core (~> 3.11.0)
      rspec-expectations (~> 3.11.0)
      rspec-mocks (~> 3.11.0)
    rspec-core (3.11.0)
      rspec-support (~> 3.11.0)
    rspec-expectations (3.11.0)
      diff-lcs (>= 1.2.0, < 2.0)
      rspec-support (~> 3.11.0)
    rspec-mocks (3.11.1)
      diff-lcs (>= 1.2.0, < 2.0)
      rspec-support (~> 3.11.0)
    rspec-support (3.11.0)
    rubocop (1.28.2)
      parallel (~> 1.10)
      parser (>= 3.1.0.0)
      rainbow (>= 2.2.2, < 4.0)
      regexp_parser (>= 1.8, < 3.0)
      rexml
      rubocop-ast (>= 1.17.0, < 2.0)
      ruby-progressbar (~> 1.7)
      unicode-display_width (>= 1.4.0, < 3.0)
    rubocop-ast (1.17.0)
      parser (>= 3.1.1.0)
    rubocop-performance (1.13.3)
      rubocop (>= 1.7.0, < 2.0)
      rubocop-ast (>= 0.4.0)
    rubocop-rails (2.14.2)
      activesupport (>= 4.2.0)
      rack (>= 1.1)
      rubocop (>= 1.7.0, < 2.0)
    rubocop-rake (0.6.0)
      rubocop (~> 1.0)
    rubocop-rspec (2.10.0)
      rubocop (~> 1.19)
    rubocop_challenger (2.3.0)
      pr_comet (~> 0.5.1)
      rainbow
      rubocop (>= 0.87)
      rubocop-performance
      rubocop-rails
      rubocop-rake
      rubocop-rspec
      thor
      yard
    ruby-progressbar (1.11.0)
    ruby2_keywords (0.0.5)
    rubygems-tasks (0.2.5)
      irb (~> 1.0)
    sawyer (0.8.2)
      addressable (>= 2.3.5)
      faraday (> 0.8, < 2.0)
    sprockets (4.0.3)
      concurrent-ruby (~> 1.0)
      rack (> 1, < 3)
    sprockets-rails (3.2.2)
      actionpack (>= 4.0)
      activesupport (>= 4.0)
      sprockets (>= 3.0.0)
    sqlite3 (1.3.13)
    thor (1.2.1)
    thread_safe (0.3.6)
    timers (4.3.3)
    tzinfo (1.2.9)
      thread_safe (~> 0.1)
    unicode-display_width (2.1.0)
    validate_url (1.0.13)
      activemodel (>= 3.0.0)
      public_suffix
    webmock (3.14.0)
      addressable (>= 2.8.0)
      crack (>= 0.3.2)
      hashdiff (>= 0.4.0, < 2.0.0)
    webrick (1.7.0)
    yard (0.9.27)
      webrick (~> 1.7.0)

PLATFORMS
  ruby

DEPENDENCIES
  bundler (> 1.17, < 2.5)
  factory_bot
  github_changelog_generator (~> 1.6)
  rails (~> 4.2.11)
  rake
  rspec (~> 3.0)
  rubocop_challenger
  rubygems-tasks (~> 0.2)
  sqlite3 (~> 1.3.6)
  webhook_system!
  webmock

BUNDLED WITH
   1.17.3
